
Microsoft Visual Studio Solution File, Format Version 12.00
Project("{FAE04EC0-301F-11D3-BF4B-00C04F79EFBC}") = "Library", "Library\Library.csproj", "{A6402048-D8EB-43C3-93B0-74690D598ECF}"
EndProject
Project("{FAE04EC0-301F-11D3-BF4B-00C04F79EFBC}") = "Testing", "Testing\Testing.csproj", "{82A140CF-A7E1-4D8C-904B-1B26D9E66F1E}"
EndProject
Global
	GlobalSection(SolutionConfigurationPlatforms) = preSolution
		Debug|Any CPU = Debug|Any CPU
		Release|Any CPU = Release|Any CPU
	EndGlobalSection
	GlobalSection(ProjectConfigurationPlatforms) = postSolution
		{A6402048-D8EB-43C3-93B0-74690D598ECF}.Debug|Any CPU.ActiveCfg = Debug|Any CPU
		{A6402048-D8EB-43C3-93B0-74690D598ECF}.Debug|Any CPU.Build.0 = Debug|Any CPU
		{A6402048-D8EB-43C3-93B0-74690D598ECF}.Release|Any CPU.ActiveCfg = Release|Any CPU
		{A6402048-D8EB-43C3-93B0-74690D598ECF}.Release|Any CPU.Build.0 = Release|Any CPU
		{82A140CF-A7E1-4D8C-904B-1B26D9E66F1E}.Debug|Any CPU.ActiveCfg = Debug|Any CPU
		{82A140CF-A7E1-4D8C-904B-1B26D9E66F1E}.Debug|Any CPU.Build.0 = Debug|Any CPU
		{82A140CF-A7E1-4D8C-904B-1B26D9E66F1E}.Release|Any CPU.ActiveCfg = Release|Any CPU
		{82A140CF-A7E1-4D8C-904B-1B26D9E66F1E}.Release|Any CPU.Build.0 = Release|Any CPU
	EndGlobalSection
EndGlobal
